
Microsoft Visual Studio Solution File, Format Version 12.00
# Visual Studio Version 17
VisualStudioVersion = 17.5.002.0
MinimumVisualStudioVersion = 10.0.40219.1
Project("{9A19103F-16F7-4668-BE54-9A1E7A4F7556}") = "MyDotNetLibrary", "MyDotNetLibrary\MyDotNetLibrary.csproj", "{B2E54318-C89C-47B8-BF4D-B2E421ED1DD2}"
EndProject
Global
	GlobalSection(SolutionConfigurationPlatforms) = preSolution
		Debug|Any CPU = Debug|Any CPU
		Release|Any CPU = Release|Any CPU
	EndGlobalSection
	GlobalSection(ProjectConfigurationPlatforms) = postSolution
		{B2E54318-C89C-47B8-BF4D-B2E421ED1DD2}.Debug|Any CPU.ActiveCfg = Debug|Any CPU
		{B2E54318-C89C-47B8-BF4D-B2E421ED1DD2}.Debug|Any CPU.Build.0 = Debug|Any CPU
		{B2E54318-C89C-47B8-BF4D-B2E421ED1DD2}.Release|Any CPU.ActiveCfg = Release|Any CPU
		{B2E54318-C89C-47B8-BF4D-B2E421ED1DD2}.Release|Any CPU.Build.0 = Release|Any CPU
	EndGlobalSection
	GlobalSection(SolutionProperties) = preSolution
		HideSolutionNode = FALSE
	EndGlobalSection
	GlobalSection(ExtensibilityGlobals) = postSolution
		SolutionGuid = {0978907F-EEEA-4F26-8C06-9847E4B3C313}
	EndGlobalSection
EndGlobal
