{
  "name": "mydotnetlibrary",
  "version": "1.0.0",
  "lockfileVersion": 3,
  "requires": true,
  "packages": {
    "": {
      "name": "mydotnetlibrary",
      "version": "1.0.0",
      "license": "ISC",
      "dependencies": {
        "node-api-dotnet": "^0.8.16"
      }
    },
    "node_modules/node-api-dotnet": {
      "version": "0.8.16",
      "resolved": "https://registry.npmjs.org/node-api-dotnet/-/node-api-dotnet-0.8.16.tgz",
      "integrity": "sha512-w6+u1PpolCO7slqhoptTU5QfjoNz9qnNSQSqpJM4Qx1EVQ5HvJVMkH3XYr8MZLKYvqYibm9bHw+GuLNt7RHf1A=="
    }
  }
}
